
Microsoft Visual Studio Solution File, Format Version 12.00
Project("{FAE04EC0-301F-11D3-BF4B-00C04F79EFBC}") = "cSharpBasic", "cSharpBasic\cSharpBasic.csproj", "{B45CE9ED-BEAB-4A36-9F91-7A7E333B49ED}"
EndProject
Global
	GlobalSection(SolutionConfigurationPlatforms) = preSolution
		Debug|Any CPU = Debug|Any CPU
		Release|Any CPU = Release|Any CPU
	EndGlobalSection
	GlobalSection(ProjectConfigurationPlatforms) = postSolution
		{B45CE9ED-BEAB-4A36-9F91-7A7E333B49ED}.Debug|Any CPU.ActiveCfg = Debug|Any CPU
		{B45CE9ED-BEAB-4A36-9F91-7A7E333B49ED}.Debug|Any CPU.Build.0 = Debug|Any CPU
		{B45CE9ED-BEAB-4A36-9F91-7A7E333B49ED}.Release|Any CPU.ActiveCfg = Release|Any CPU
		{B45CE9ED-BEAB-4A36-9F91-7A7E333B49ED}.Release|Any CPU.Build.0 = Release|Any CPU
	EndGlobalSection
EndGlobal
