
Microsoft Visual Studio Solution File, Format Version 12.00
Project("{FAE04EC0-301F-11D3-BF4B-00C04F79EFBC}") = "webForm", "webForm\webForm.csproj", "{8BCB4B10-0C60-468B-8D56-8FFA07BAE439}"
EndProject
Global
	GlobalSection(SolutionConfigurationPlatforms) = preSolution
		Debug|Any CPU = Debug|Any CPU
		Release|Any CPU = Release|Any CPU
	EndGlobalSection
	GlobalSection(ProjectConfigurationPlatforms) = postSolution
		{8BCB4B10-0C60-468B-8D56-8FFA07BAE439}.Debug|Any CPU.ActiveCfg = Debug|Any CPU
		{8BCB4B10-0C60-468B-8D56-8FFA07BAE439}.Debug|Any CPU.Build.0 = Debug|Any CPU
		{8BCB4B10-0C60-468B-8D56-8FFA07BAE439}.Release|Any CPU.ActiveCfg = Release|Any CPU
		{8BCB4B10-0C60-468B-8D56-8FFA07BAE439}.Release|Any CPU.Build.0 = Release|Any CPU
	EndGlobalSection
EndGlobal
